
Microsoft Visual Studio Solution File, Format Version 12.00
# Visual Studio Version 17
VisualStudioVersion = 17.10.35027.167
MinimumVisualStudioVersion = 10.0.40219.1
Project("{FAE04EC0-301F-11D3-BF4B-00C04F79EFBC}") = "NameListIndexer", "NameListIndexer.csproj", "{FEB7884F-03EC-4FC8-ABE7-480C63FC468C}"
EndProject
Global
	GlobalSection(SolutionConfigurationPlatforms) = preSolution
		Debug|Any CPU = Debug|Any CPU
		Release|Any CPU = Release|Any CPU
	EndGlobalSection
	GlobalSection(ProjectConfigurationPlatforms) = postSolution
		{FEB7884F-03EC-4FC8-ABE7-480C63FC468C}.Debug|Any CPU.ActiveCfg = Debug|Any CPU
		{FEB7884F-03EC-4FC8-ABE7-480C63FC468C}.Debug|Any CPU.Build.0 = Debug|Any CPU
		{FEB7884F-03EC-4FC8-ABE7-480C63FC468C}.Release|Any CPU.ActiveCfg = Release|Any CPU
		{FEB7884F-03EC-4FC8-ABE7-480C63FC468C}.Release|Any CPU.Build.0 = Release|Any CPU
	EndGlobalSection
	GlobalSection(SolutionProperties) = preSolution
		HideSolutionNode = FALSE
	EndGlobalSection
	GlobalSection(ExtensibilityGlobals) = postSolution
		SolutionGuid = {5E5685A1-2933-40A4-899B-4507E42B5FC7}
	EndGlobalSection
EndGlobal
